Microsoft Visual Studio Solution File, Format Version 12.00
# Visual Studio Version 17
VisualStudioVersion = 17.5.2.0
MinimumVisualStudioVersion = 10.0.40219.1
Project("{FAE04EC0-301F-11D3-BF4B-00C04F79EFBC}") = "Cartrade", "Cartrade.csproj", "{D83DF599-F076-71FF-E83F-F47F5B8EC344}"
EndProject
Global
	GlobalSection(SolutionConfigurationPlatforms) = preSolution
		Debug|Any CPU = Debug|Any CPU
		Release|Any CPU = Release|Any CPU
	EndGlobalSection
	GlobalSection(ProjectConfigurationPlatforms) = postSolution
		{D83DF599-F076-71FF-E83F-F47F5B8EC344}.Debug|Any CPU.ActiveCfg = Debug|Any CPU
		{D83DF599-F076-71FF-E83F-F47F5B8EC344}.Debug|Any CPU.Build.0 = Debug|Any CPU
		{D83DF599-F076-71FF-E83F-F47F5B8EC344}.Release|Any CPU.ActiveCfg = Release|Any CPU
		{D83DF599-F076-71FF-E83F-F47F5B8EC344}.Release|Any CPU.Build.0 = Release|Any CPU
	EndGlobalSection
	GlobalSection(SolutionProperties) = preSolution
		HideSolutionNode = FALSE
	EndGlobalSection
	GlobalSection(ExtensibilityGlobals) = postSolution
		SolutionGuid = {FC80F189-A70F-4512-B5CB-16D0D07E968B}
	EndGlobalSection
EndGlobal
